
Microsoft Visual Studio Solution File, Format Version 12.00
# Visual Studio 15
VisualStudioVersion = 15.0.26430.16
MinimumVisualStudioVersion = 10.0.40219.1
Project("{FAE04EC0-301F-11D3-BF4B-00C04F79EFBC}") = "AppClima.Android", "AppClima\AppClima.Android\AppClima.Android.csproj", "{2FAB7808-2638-494A-BC1B-5E9200C4BF47}"
EndProject
Project("{FAE04EC0-301F-11D3-BF4B-00C04F79EFBC}") = "AppClima", "AppClima\AppClima\AppClima.csproj", "{83422F33-2475-4B1A-A4D1-AFC0E00B40C7}"
EndProject
Project("{FAE04EC0-301F-11D3-BF4B-00C04F79EFBC}") = "AppClima.UWP", "AppClima\AppClima.UWP\AppClima.UWP.csproj", "{779F4B22-A10D-469B-A66B-6B90C9A3D095}"
EndProject
Project("{FAE04EC0-301F-11D3-BF4B-00C04F79EFBC}") = "AppClima.iOS", "AppClima\AppClima.iOS\AppClima.iOS.csproj", "{8126FB78-8AB0-42BB-866E-AB3ECE96CCCF}"
EndProject
Global
	GlobalSection(SolutionConfigurationPlatforms) = preSolution
		Ad-Hoc|Any CPU = Ad-Hoc|Any CPU
		Ad-Hoc|ARM = Ad-Hoc|ARM
		Ad-Hoc|iPhone = Ad-Hoc|iPhone
		Ad-Hoc|iPhoneSimulator = Ad-Hoc|iPhoneSimulator
		Ad-Hoc|x64 = Ad-Hoc|x64
		Ad-Hoc|x86 = Ad-Hoc|x86
		AppStore|Any CPU = AppStore|Any CPU
		AppStore|ARM = AppStore|ARM
		AppStore|iPhone = AppStore|iPhone
		AppStore|iPhoneSimulator = AppStore|iPhoneSimulator
		AppStore|x64 = AppStore|x64
		AppStore|x86 = AppStore|x86
		Debug|Any CPU = Debug|Any CPU
		Debug|ARM = Debug|ARM
		Debug|iPhone = Debug|iPhone
		Debug|iPhoneSimulator = Debug|iPhoneSimulator
		Debug|x64 = Debug|x64
		Debug|x86 = Debug|x86
		Release|Any CPU = Release|Any CPU
		Release|ARM = Release|ARM
		Release|iPhone = Release|iPhone
		Release|iPhoneSimulator = Release|iPhoneSimulator
		Release|x64 = Release|x64
		Release|x86 = Release|x86
	EndGlobalSection
	GlobalSection(ProjectConfigurationPlatforms) = postSolution
		{2FAB7808-2638-494A-BC1B-5E9200C4BF47}.Ad-Hoc|Any CPU.ActiveCfg = Release|Any CPU
		{2FAB7808-2638-494A-BC1B-5E9200C4BF47}.Ad-Hoc|Any CPU.Build.0 = Release|Any CPU
		{2FAB7808-2638-494A-BC1B-5E9200C4BF47}.Ad-Hoc|Any CPU.Deploy.0 = Release|Any CPU
		{2FAB7808-2638-494A-BC1B-5E9200C4BF47}.Ad-Hoc|ARM.ActiveCfg = Release|Any CPU
		{2FAB7808-2638-494A-BC1B-5E9200C4BF47}.Ad-Hoc|ARM.Build.0 = Release|Any CPU
		{2FAB7808-2638-494A-BC1B-5E9200C4BF47}.Ad-Hoc|ARM.Deploy.0 = Release|Any CPU
		{2FAB7808-2638-494A-BC1B-5E9200C4BF47}.Ad-Hoc|iPhone.ActiveCfg = Release|Any CPU
		{2FAB7808-2638-494A-BC1B-5E9200C4BF47}.Ad-Hoc|iPhone.Build.0 = Release|Any CPU
		{2FAB7808-2638-494A-BC1B-5E9200C4BF47}.Ad-Hoc|iPhone.Deploy.0 = Release|Any CPU
		{2FAB7808-2638-494A-BC1B-5E9200C4BF47}.Ad-Hoc|iPhoneSimulator.ActiveCfg = Release|Any CPU
		{2FAB7808-2638-494A-BC1B-5E9200C4BF47}.Ad-Hoc|iPhoneSimulator.Build.0 = Release|Any CPU
		{2FAB7808-2638-494A-BC1B-5E9200C4BF47}.Ad-Hoc|iPhoneSimulator.Deploy.0 = Release|Any CPU
		{2FAB7808-2638-494A-BC1B-5E9200C4BF47}.Ad-Hoc|x64.ActiveCfg = Release|Any CPU
		{2FAB7808-2638-494A-BC1B-5E9200C4BF47}.Ad-Hoc|x64.Build.0 = Release|Any CPU
		{2FAB7808-2638-494A-BC1B-5E9200C4BF47}.Ad-Hoc|x64.Deploy.0 = Release|Any CPU
		{2FAB7808-2638-494A-BC1B-5E9200C4BF47}.Ad-Hoc|x86.ActiveCfg = Release|Any CPU
		{2FAB7808-2638-494A-BC1B-5E9200C4BF47}.Ad-Hoc|x86.Build.0 = Release|Any CPU
		{2FAB7808-2638-494A-BC1B-5E9200C4BF47}.Ad-Hoc|x86.Deploy.0 = Release|Any CPU
		{2FAB7808-2638-494A-BC1B-5E9200C4BF47}.AppStore|Any CPU.ActiveCfg = Release|Any CPU
		{2FAB7808-2638-494A-BC1B-5E9200C4BF47}.AppStore|Any CPU.Build.0 = Release|Any CPU
		{2FAB7808-2638-494A-BC1B-5E9200C4BF47}.AppStore|Any CPU.Deploy.0 = Release|Any CPU
		{2FAB7808-2638-494A-BC1B-5E9200C4BF47}.AppStore|ARM.ActiveCfg = Release|Any CPU
		{2FAB7808-2638-494A-BC1B-5E9200C4BF47}.AppStore|ARM.Build.0 = Release|Any CPU
		{2FAB7808-2638-494A-BC1B-5E9200C4BF47}.AppStore|ARM.Deploy.0 = Release|Any CPU
		{2FAB7808-2638-494A-BC1B-5E9200C4BF47}.AppStore|iPhone.ActiveCfg = Release|Any CPU
		{2FAB7808-2638-494A-BC1B-5E9200C4BF47}.AppStore|iPhone.Build.0 = Release|Any CPU
		{2FAB7808-2638-494A-BC1B-5E9200C4BF47}.AppStore|iPhone.Deploy.0 = Release|Any CPU
		{2FAB7808-2638-494A-BC1B-5E9200C4BF47}.AppStore|iPhoneSimulator.ActiveCfg = Release|Any CPU
		{2FAB7808-2638-494A-BC1B-5E9200C4BF47}.AppStore|iPhoneSimulator.Build.0 = Release|Any CPU
		{2FAB7808-2638-494A-BC1B-5E9200C4BF47}.AppStore|iPhoneSimulator.Deploy.0 = Release|Any CPU
		{2FAB7808-2638-494A-BC1B-5E9200C4BF47}.AppStore|x64.ActiveCfg = Release|Any CPU
		{2FAB7808-2638-494A-BC1B-5E9200C4BF47}.AppStore|x64.Build.0 = Release|Any CPU
		{2FAB7808-2638-494A-BC1B-5E9200C4BF47}.AppStore|x64.Deploy.0 = Release|Any CPU
		{2FAB7808-2638-494A-BC1B-5E9200C4BF47}.AppStore|x86.ActiveCfg = Release|Any CPU
		{2FAB7808-2638-494A-BC1B-5E9200C4BF47}.AppStore|x86.Build.0 = Release|Any CPU
		{2FAB7808-2638-494A-BC1B-5E9200C4BF47}.AppStore|x86.Deploy.0 = Release|Any CPU
		{2FAB7808-2638-494A-BC1B-5E9200C4BF47}.Debug|Any CPU.ActiveCfg = Debug|Any CPU
		{2FAB7808-2638-494A-BC1B-5E9200C4BF47}.Debug|Any CPU.Build.0 = Debug|Any CPU
		{2FAB7808-2638-494A-BC1B-5E9200C4BF47}.Debug|Any CPU.Deploy.0 = Debug|Any CPU
		{2FAB7808-2638-494A-BC1B-5E9200C4BF47}.Debug|ARM.ActiveCfg = Debug|Any CPU
		{2FAB7808-2638-494A-BC1B-5E9200C4BF47}.Debug|ARM.Build.0 = Debug|Any CPU
		{2FAB7808-2638-494A-BC1B-5E9200C4BF47}.Debug|ARM.Deploy.0 = Debug|Any CPU
		{2FAB7808-2638-494A-BC1B-5E9200C4BF47}.Debug|iPhone.ActiveCfg = Debug|Any CPU
		{2FAB7808-2638-494A-BC1B-5E9200C4BF47}.Debug|iPhone.Build.0 = Debug|Any CPU
		{2FAB7808-2638-494A-BC1B-5E9200C4BF47}.Debug|iPhone.Deploy.0 = Debug|Any CPU
		{2FAB7808-2638-494A-BC1B-5E9200C4BF47}.Debug|iPhoneSimulator.ActiveCfg = Debug|Any CPU
		{2FAB7808-2638-494A-BC1B-5E9200C4BF47}.Debug|iPhoneSimulator.Build.0 = Debug|Any CPU
		{2FAB7808-2638-494A-BC1B-5E9200C4BF47}.Debug|iPhoneSimulator.Deploy.0 = Debug|Any CPU
		{2FAB7808-2638-494A-BC1B-5E9200C4BF47}.Debug|x64.ActiveCfg = Debug|Any CPU
		{2FAB7808-2638-494A-BC1B-5E9200C4BF47}.Debug|x64.Build.0 = Debug|Any CPU
		{2FAB7808-2638-494A-BC1B-5E9200C4BF47}.Debug|x64.Deploy.0 = Debug|Any CPU
		{2FAB7808-2638-494A-BC1B-5E9200C4BF47}.Debug|x86.ActiveCfg = Debug|Any CPU
		{2FAB7808-2638-494A-BC1B-5E9200C4BF47}.Debug|x86.Build.0 = Debug|Any CPU
		{2FAB7808-2638-494A-BC1B-5E9200C4BF47}.Debug|x86.Deploy.0 = Debug|Any CPU
		{2FAB7808-2638-494A-BC1B-5E9200C4BF47}.Release|Any CPU.ActiveCfg = Release|Any CPU
		{2FAB7808-2638-494A-BC1B-5E9200C4BF47}.Release|Any CPU.Build.0 = Release|Any CPU
		{2FAB7808-2638-494A-BC1B-5E9200C4BF47}.Release|Any CPU.Deploy.0 = Release|Any CPU
		{2FAB7808-2638-494A-BC1B-5E9200C4BF47}.Release|ARM.ActiveCfg = Release|Any CPU
		{2FAB7808-2638-494A-BC1B-5E9200C4BF47}.Release|ARM.Build.0 = Release|Any CPU
		{2FAB7808-2638-494A-BC1B-5E9200C4BF47}.Release|ARM.Deploy.0 = Release|Any CPU
		{2FAB7808-2638-494A-BC1B-5E9200C4BF47}.Release|iPhone.ActiveCfg = Release|Any CPU
		{2FAB7808-2638-494A-BC1B-5E9200C4BF47}.Release|iPhone.Build.0 = Release|Any CPU
		{2FAB7808-2638-494A-BC1B-5E9200C4BF47}.Release|iPhone.Deploy.0 = Release|Any CPU
		{2FAB7808-2638-494A-BC1B-5E9200C4BF47}.Release|iPhoneSimulator.ActiveCfg = Release|Any CPU
		{2FAB7808-2638-494A-BC1B-5E9200C4BF47}.Release|iPhoneSimulator.Build.0 = Release|Any CPU
		{2FAB7808-2638-494A-BC1B-5E9200C4BF47}.Release|iPhoneSimulator.Deploy.0 = Release|Any CPU
		{2FAB7808-2638-494A-BC1B-5E9200C4BF47}.Release|x64.ActiveCfg = Release|Any CPU
		{2FAB7808-2638-494A-BC1B-5E9200C4BF47}.Release|x64.Build.0 = Release|Any CPU
		{2FAB7808-2638-494A-BC1B-5E9200C4BF47}.Release|x64.Deploy.0 = Release|Any CPU
		{2FAB7808-2638-494A-BC1B-5E9200C4BF47}.Release|x86.ActiveCfg = Release|Any CPU
		{2FAB7808-2638-494A-BC1B-5E9200C4BF47}.Release|x86.Build.0 = Release|Any CPU
		{2FAB7808-2638-494A-BC1B-5E9200C4BF47}.Release|x86.Deploy.0 = Release|Any CPU
		{83422F33-2475-4B1A-A4D1-AFC0E00B40C7}.Ad-Hoc|Any CPU.ActiveCfg = Release|Any CPU
		{83422F33-2475-4B1A-A4D1-AFC0E00B40C7}.Ad-Hoc|Any CPU.Build.0 = Release|Any CPU
		{83422F33-2475-4B1A-A4D1-AFC0E00B40C7}.Ad-Hoc|ARM.ActiveCfg = Release|Any CPU
		{83422F33-2475-4B1A-A4D1-AFC0E00B40C7}.Ad-Hoc|ARM.Build.0 = Release|Any CPU
		{83422F33-2475-4B1A-A4D1-AFC0E00B40C7}.Ad-Hoc|iPhone.ActiveCfg = Release|Any CPU
		{83422F33-2475-4B1A-A4D1-AFC0E00B40C7}.Ad-Hoc|iPhone.Build.0 = Release|Any CPU
		{83422F33-2475-4B1A-A4D1-AFC0E00B40C7}.Ad-Hoc|iPhoneSimulator.ActiveCfg = Release|Any CPU
		{83422F33-2475-4B1A-A4D1-AFC0E00B40C7}.Ad-Hoc|iPhoneSimulator.Build.0 = Release|Any CPU
		{83422F33-2475-4B1A-A4D1-AFC0E00B40C7}.Ad-Hoc|x64.ActiveCfg = Release|Any CPU
		{83422F33-2475-4B1A-A4D1-AFC0E00B40C7}.Ad-Hoc|x64.Build.0 = Release|Any CPU
		{83422F33-2475-4B1A-A4D1-AFC0E00B40C7}.Ad-Hoc|x86.ActiveCfg = Release|Any CPU
		{83422F33-2475-4B1A-A4D1-AFC0E00B40C7}.Ad-Hoc|x86.Build.0 = Release|Any CPU
		{83422F33-2475-4B1A-A4D1-AFC0E00B40C7}.AppStore|Any CPU.ActiveCfg = Release|Any CPU
		{83422F33-2475-4B1A-A4D1-AFC0E00B40C7}.AppStore|Any CPU.Build.0 = Release|Any CPU
		{83422F33-2475-4B1A-A4D1-AFC0E00B40C7}.AppStore|ARM.ActiveCfg = Release|Any CPU
		{83422F33-2475-4B1A-A4D1-AFC0E00B40C7}.AppStore|ARM.Build.0 = Release|Any CPU
		{83422F33-2475-4B1A-A4D1-AFC0E00B40C7}.AppStore|iPhone.ActiveCfg = Release|Any CPU
		{83422F33-2475-4B1A-A4D1-AFC0E00B40C7}.AppStore|iPhone.Build.0 = Release|Any CPU
		{83422F33-2475-4B1A-A4D1-AFC0E00B40C7}.AppStore|iPhoneSimulator.ActiveCfg = Release|Any CPU
		{83422F33-2475-4B1A-A4D1-AFC0E00B40C7}.AppStore|iPhoneSimulator.Build.0 = Release|Any CPU
		{83422F33-2475-4B1A-A4D1-AFC0E00B40C7}.AppStore|x64.ActiveCfg = Release|Any CPU
		{83422F33-2475-4B1A-A4D1-AFC0E00B40C7}.AppStore|x64.Build.0 = Release|Any CPU
		{83422F33-2475-4B1A-A4D1-AFC0E00B40C7}.AppStore|x86.ActiveCfg = Release|Any CPU
		{83422F33-2475-4B1A-A4D1-AFC0E00B40C7}.AppStore|x86.Build.0 = Release|Any CPU
		{83422F33-2475-4B1A-A4D1-AFC0E00B40C7}.Debug|Any CPU.ActiveCfg = Debug|Any CPU
		{83422F33-2475-4B1A-A4D1-AFC0E00B40C7}.Debug|Any CPU.Build.0 = Debug|Any CPU
		{83422F33-2475-4B1A-A4D1-AFC0E00B40C7}.Debug|ARM.ActiveCfg = Debug|Any CPU
		{83422F33-2475-4B1A-A4D1-AFC0E00B40C7}.Debug|ARM.Build.0 = Debug|Any CPU
		{83422F33-2475-4B1A-A4D1-AFC0E00B40C7}.Debug|iPhone.ActiveCfg = Debug|Any CPU
		{83422F33-2475-4B1A-A4D1-AFC0E00B40C7}.Debug|iPhone.Build.0 = Debug|Any CPU
		{83422F33-2475-4B1A-A4D1-AFC0E00B40C7}.Debug|iPhoneSimulator.ActiveCfg = Debug|Any CPU
		{83422F33-2475-4B1A-A4D1-AFC0E00B40C7}.Debug|iPhoneSimulator.Build.0 = Debug|Any CPU
		{83422F33-2475-4B1A-A4D1-AFC0E00B40C7}.Debug|x64.ActiveCfg = Debug|Any CPU
		{83422F33-2475-4B1A-A4D1-AFC0E00B40C7}.Debug|x64.Build.0 = Debug|Any CPU
		{83422F33-2475-4B1A-A4D1-AFC0E00B40C7}.Debug|x86.ActiveCfg = Debug|Any CPU
		{83422F33-2475-4B1A-A4D1-AFC0E00B40C7}.Debug|x86.Build.0 = Debug|Any CPU
		{83422F33-2475-4B1A-A4D1-AFC0E00B40C7}.Release|Any CPU.ActiveCfg = Release|Any CPU
		{83422F33-2475-4B1A-A4D1-AFC0E00B40C7}.Release|Any CPU.Build.0 = Release|Any CPU
		{83422F33-2475-4B1A-A4D1-AFC0E00B40C7}.Release|ARM.ActiveCfg = Release|Any CPU
		{83422F33-2475-4B1A-A4D1-AFC0E00B40C7}.Release|ARM.Build.0 = Release|Any CPU
		{83422F33-2475-4B1A-A4D1-AFC0E00B40C7}.Release|iPhone.ActiveCfg = Release|Any CPU
		{83422F33-2475-4B1A-A4D1-AFC0E00B40C7}.Release|iPhone.Build.0 = Release|Any CPU
		{83422F33-2475-4B1A-A4D1-AFC0E00B40C7}.Release|iPhoneSimulator.ActiveCfg = Release|Any CPU
		{83422F33-2475-4B1A-A4D1-AFC0E00B40C7}.Release|iPhoneSimulator.Build.0 = Release|Any CPU
		{83422F33-2475-4B1A-A4D1-AFC0E00B40C7}.Release|x64.ActiveCfg = Release|Any CPU
		{83422F33-2475-4B1A-A4D1-AFC0E00B40C7}.Release|x64.Build.0 = Release|Any CPU
		{83422F33-2475-4B1A-A4D1-AFC0E00B40C7}.Release|x86.ActiveCfg = Release|Any CPU
		{83422F33-2475-4B1A-A4D1-AFC0E00B40C7}.Release|x86.Build.0 = Release|Any CPU
		{779F4B22-A10D-469B-A66B-6B90C9A3D095}.Ad-Hoc|Any CPU.ActiveCfg = Release|x86
		{779F4B22-A10D-469B-A66B-6B90C9A3D095}.Ad-Hoc|Any CPU.Build.0 = Release|x86
		{779F4B22-A10D-469B-A66B-6B90C9A3D095}.Ad-Hoc|Any CPU.Deploy.0 = Release|x86
		{779F4B22-A10D-469B-A66B-6B90C9A3D095}.Ad-Hoc|ARM.ActiveCfg = Release|ARM
		{779F4B22-A10D-469B-A66B-6B90C9A3D095}.Ad-Hoc|ARM.Build.0 = Release|ARM
		{779F4B22-A10D-469B-A66B-6B90C9A3D095}.Ad-Hoc|ARM.Deploy.0 = Release|ARM
		{779F4B22-A10D-469B-A66B-6B90C9A3D095}.Ad-Hoc|iPhone.ActiveCfg = Release|x86
		{779F4B22-A10D-469B-A66B-6B90C9A3D095}.Ad-Hoc|iPhone.Build.0 = Release|x86
		{779F4B22-A10D-469B-A66B-6B90C9A3D095}.Ad-Hoc|iPhone.Deploy.0 = Release|x86
		{779F4B22-A10D-469B-A66B-6B90C9A3D095}.Ad-Hoc|iPhoneSimulator.ActiveCfg = Release|x86
		{779F4B22-A10D-469B-A66B-6B90C9A3D095}.Ad-Hoc|iPhoneSimulator.Build.0 = Release|x86
		{779F4B22-A10D-469B-A66B-6B90C9A3D095}.Ad-Hoc|iPhoneSimulator.Deploy.0 = Release|x86
		{779F4B22-A10D-469B-A66B-6B90C9A3D095}.Ad-Hoc|x64.ActiveCfg = Release|x64
		{779F4B22-A10D-469B-A66B-6B90C9A3D095}.Ad-Hoc|x64.Build.0 = Release|x64
		{779F4B22-A10D-469B-A66B-6B90C9A3D095}.Ad-Hoc|x64.Deploy.0 = Release|x64
		{779F4B22-A10D-469B-A66B-6B90C9A3D095}.Ad-Hoc|x86.ActiveCfg = Release|x86
		{779F4B22-A10D-469B-A66B-6B90C9A3D095}.Ad-Hoc|x86.Build.0 = Release|x86
		{779F4B22-A10D-469B-A66B-6B90C9A3D095}.Ad-Hoc|x86.Deploy.0 = Release|x86
		{779F4B22-A10D-469B-A66B-6B90C9A3D095}.AppStore|Any CPU.ActiveCfg = Release|x86
		{779F4B22-A10D-469B-A66B-6B90C9A3D095}.AppStore|Any CPU.Build.0 = Release|x86
		{779F4B22-A10D-469B-A66B-6B90C9A3D095}.AppStore|Any CPU.Deploy.0 = Release|x86
		{779F4B22-A10D-469B-A66B-6B90C9A3D095}.AppStore|ARM.ActiveCfg = Release|ARM
		{779F4B22-A10D-469B-A66B-6B90C9A3D095}.AppStore|ARM.Build.0 = Release|ARM
		{779F4B22-A10D-469B-A66B-6B90C9A3D095}.AppStore|ARM.Deploy.0 = Release|ARM
		{779F4B22-A10D-469B-A66B-6B90C9A3D095}.AppStore|iPhone.ActiveCfg = Release|x86
		{779F4B22-A10D-469B-A66B-6B90C9A3D095}.AppStore|iPhone.Build.0 = Release|x86
		{779F4B22-A10D-469B-A66B-6B90C9A3D095}.AppStore|iPhone.Deploy.0 = Release|x86
		{779F4B22-A10D-469B-A66B-6B90C9A3D095}.AppStore|iPhoneSimulator.ActiveCfg = Release|x86
		{779F4B22-A10D-469B-A66B-6B90C9A3D095}.AppStore|iPhoneSimulator.Build.0 = Release|x86
		{779F4B22-A10D-469B-A66B-6B90C9A3D095}.AppStore|iPhoneSimulator.Deploy.0 = Release|x86
		{779F4B22-A10D-469B-A66B-6B90C9A3D095}.AppStore|x64.ActiveCfg = Release|x64
		{779F4B22-A10D-469B-A66B-6B90C9A3D095}.AppStore|x64.Build.0 = Release|x64
		{779F4B22-A10D-469B-A66B-6B90C9A3D095}.AppStore|x64.Deploy.0 = Release|x64
		{779F4B22-A10D-469B-A66B-6B90C9A3D095}.AppStore|x86.ActiveCfg = Release|x86
		{779F4B22-A10D-469B-A66B-6B90C9A3D095}.AppStore|x86.Build.0 = Release|x86
		{779F4B22-A10D-469B-A66B-6B90C9A3D095}.AppStore|x86.Deploy.0 = Release|x86
		{779F4B22-A10D-469B-A66B-6B90C9A3D095}.Debug|Any CPU.ActiveCfg = Debug|x86
		{779F4B22-A10D-469B-A66B-6B90C9A3D095}.Debug|Any CPU.Build.0 = Debug|x86
		{779F4B22-A10D-469B-A66B-6B90C9A3D095}.Debug|Any CPU.Deploy.0 = Debug|x86
		{779F4B22-A10D-469B-A66B-6B90C9A3D095}.Debug|ARM.ActiveCfg = Debug|ARM
		{779F4B22-A10D-469B-A66B-6B90C9A3D095}.Debug|ARM.Build.0 = Debug|ARM
		{779F4B22-A10D-469B-A66B-6B90C9A3D095}.Debug|ARM.Deploy.0 = Debug|ARM
		{779F4B22-A10D-469B-A66B-6B90C9A3D095}.Debug|iPhone.ActiveCfg = Debug|x86
		{779F4B22-A10D-469B-A66B-6B90C9A3D095}.Debug|iPhoneSimulator.ActiveCfg = Debug|x86
		{779F4B22-A10D-469B-A66B-6B90C9A3D095}.Debug|x64.ActiveCfg = Debug|x64
		{779F4B22-A10D-469B-A66B-6B90C9A3D095}.Debug|x64.Build.0 = Debug|x64
		{779F4B22-A10D-469B-A66B-6B90C9A3D095}.Debug|x64.Deploy.0 = Debug|x64
		{779F4B22-A10D-469B-A66B-6B90C9A3D095}.Debug|x86.ActiveCfg = Debug|x86
		{779F4B22-A10D-469B-A66B-6B90C9A3D095}.Debug|x86.Build.0 = Debug|x86
		{779F4B22-A10D-469B-A66B-6B90C9A3D095}.Debug|x86.Deploy.0 = Debug|x86
		{779F4B22-A10D-469B-A66B-6B90C9A3D095}.Release|Any CPU.ActiveCfg = Release|x86
		{779F4B22-A10D-469B-A66B-6B90C9A3D095}.Release|ARM.ActiveCfg = Release|ARM
		{779F4B22-A10D-469B-A66B-6B90C9A3D095}.Release|ARM.Build.0 = Release|ARM
		{779F4B22-A10D-469B-A66B-6B90C9A3D095}.Release|ARM.Deploy.0 = Release|ARM
		{779F4B22-A10D-469B-A66B-6B90C9A3D095}.Release|iPhone.ActiveCfg = Release|x86
		{779F4B22-A10D-469B-A66B-6B90C9A3D095}.Release|iPhoneSimulator.ActiveCfg = Release|x86
		{779F4B22-A10D-469B-A66B-6B90C9A3D095}.Release|x64.ActiveCfg = Release|x64
		{779F4B22-A10D-469B-A66B-6B90C9A3D095}.Release|x64.Build.0 = Release|x64
		{779F4B22-A10D-469B-A66B-6B90C9A3D095}.Release|x64.Deploy.0 = Release|x64
		{779F4B22-A10D-469B-A66B-6B90C9A3D095}.Release|x86.ActiveCfg = Release|x86
		{779F4B22-A10D-469B-A66B-6B90C9A3D095}.Release|x86.Build.0 = Release|x86
		{779F4B22-A10D-469B-A66B-6B90C9A3D095}.Release|x86.Deploy.0 = Release|x86
		{8126FB78-8AB0-42BB-866E-AB3ECE96CCCF}.Ad-Hoc|Any CPU.ActiveCfg = Ad-Hoc|iPhone
		{8126FB78-8AB0-42BB-866E-AB3ECE96CCCF}.Ad-Hoc|ARM.ActiveCfg = Ad-Hoc|iPhone
		{8126FB78-8AB0-42BB-866E-AB3ECE96CCCF}.Ad-Hoc|iPhone.ActiveCfg = Ad-Hoc|iPhone
		{8126FB78-8AB0-42BB-866E-AB3ECE96CCCF}.Ad-Hoc|iPhone.Build.0 = Ad-Hoc|iPhone
		{8126FB78-8AB0-42BB-866E-AB3ECE96CCCF}.Ad-Hoc|iPhoneSimulator.ActiveCfg = Ad-Hoc|iPhoneSimulator
		{8126FB78-8AB0-42BB-866E-AB3ECE96CCCF}.Ad-Hoc|iPhoneSimulator.Build.0 = Ad-Hoc|iPhoneSimulator
		{8126FB78-8AB0-42BB-866E-AB3ECE96CCCF}.Ad-Hoc|x64.ActiveCfg = Ad-Hoc|iPhone
		{8126FB78-8AB0-42BB-866E-AB3ECE96CCCF}.Ad-Hoc|x86.ActiveCfg = Ad-Hoc|iPhone
		{8126FB78-8AB0-42BB-866E-AB3ECE96CCCF}.AppStore|Any CPU.ActiveCfg = AppStore|iPhone
		{8126FB78-8AB0-42BB-866E-AB3ECE96CCCF}.AppStore|ARM.ActiveCfg = AppStore|iPhone
		{8126FB78-8AB0-42BB-866E-AB3ECE96CCCF}.AppStore|iPhone.ActiveCfg = AppStore|iPhone
		{8126FB78-8AB0-42BB-866E-AB3ECE96CCCF}.AppStore|iPhone.Build.0 = AppStore|iPhone
		{8126FB78-8AB0-42BB-866E-AB3ECE96CCCF}.AppStore|iPhoneSimulator.ActiveCfg = AppStore|iPhoneSimulator
		{8126FB78-8AB0-42BB-866E-AB3ECE96CCCF}.AppStore|iPhoneSimulator.Build.0 = AppStore|iPhoneSimulator
		{8126FB78-8AB0-42BB-866E-AB3ECE96CCCF}.AppStore|x64.ActiveCfg = AppStore|iPhone
		{8126FB78-8AB0-42BB-866E-AB3ECE96CCCF}.AppStore|x86.ActiveCfg = AppStore|iPhone
		{8126FB78-8AB0-42BB-866E-AB3ECE96CCCF}.Debug|Any CPU.ActiveCfg = Debug|iPhone
		{8126FB78-8AB0-42BB-866E-AB3ECE96CCCF}.Debug|ARM.ActiveCfg = Debug|iPhone
		{8126FB78-8AB0-42BB-866E-AB3ECE96CCCF}.Debug|ARM.Build.0 = Debug|iPhone
		{8126FB78-8AB0-42BB-866E-AB3ECE96CCCF}.Debug|iPhone.ActiveCfg = Debug|iPhone
		{8126FB78-8AB0-42BB-866E-AB3ECE96CCCF}.Debug|iPhone.Build.0 = Debug|iPhone
		{8126FB78-8AB0-42BB-866E-AB3ECE96CCCF}.Debug|iPhoneSimulator.ActiveCfg = Debug|iPhoneSimulator
		{8126FB78-8AB0-42BB-866E-AB3ECE96CCCF}.Debug|iPhoneSimulator.Build.0 = Debug|iPhoneSimulator
		{8126FB78-8AB0-42BB-866E-AB3ECE96CCCF}.Debug|x64.ActiveCfg = Debug|iPhone
		{8126FB78-8AB0-42BB-866E-AB3ECE96CCCF}.Debug|x86.ActiveCfg = Debug|iPhone
		{8126FB78-8AB0-42BB-866E-AB3ECE96CCCF}.Release|Any CPU.ActiveCfg = Release|iPhone
		{8126FB78-8AB0-42BB-866E-AB3ECE96CCCF}.Release|ARM.ActiveCfg = Release|iPhone
		{8126FB78-8AB0-42BB-866E-AB3ECE96CCCF}.Release|iPhone.ActiveCfg = Release|iPhone
		{8126FB78-8AB0-42BB-866E-AB3ECE96CCCF}.Release|iPhone.Build.0 = Release|iPhone
		{8126FB78-8AB0-42BB-866E-AB3ECE96CCCF}.Release|iPhoneSimulator.ActiveCfg = Release|iPhoneSimulator
		{8126FB78-8AB0-42BB-866E-AB3ECE96CCCF}.Release|iPhoneSimulator.Build.0 = Release|iPhoneSimulator
		{8126FB78-8AB0-42BB-866E-AB3ECE96CCCF}.Release|x64.ActiveCfg = Release|iPhone
		{8126FB78-8AB0-42BB-866E-AB3ECE96CCCF}.Release|x86.ActiveCfg = Release|iPhone
	EndGlobalSection
	GlobalSection(SolutionProperties) = preSolution
		HideSolutionNode = FALSE
	EndGlobalSection
EndGlobal
